{
  "lockfileVersion": 1,
  "workspaces": {
    "": {
      "name": "deepkit-starter",
      "dependencies": {
        "@deepkit/app": "^1.0.19",
        "@deepkit/bun": "^1.0.19",
        "@deepkit/core": "^1.0.19",
        "@deepkit/type": "^1.0.19",
        "@deepkit/type-compiler": "^1.0.19",
        "@types/node": "^24.9.2",
        "typescript": "^5.9.3",
      },
      "devDependencies": {
        "@biomejs/biome": "^2.3.2",
        "@types/bun": "^1.1.6",
      },
    },
  },
  "packages": {
    "@biomejs/biome": ["@biomejs/biome@2.3.2", "", { "optionalDependencies": { "@biomejs/cli-darwin-arm64": "2.3.2", "@biomejs/cli-darwin-x64": "2.3.2", "@biomejs/cli-linux-arm64": "2.3.2", "@biomejs/cli-linux-arm64-musl": "2.3.2", "@biomejs/cli-linux-x64": "2.3.2", "@biomejs/cli-linux-x64-musl": "2.3.2", "@biomejs/cli-win32-arm64": "2.3.2", "@biomejs/cli-win32-x64": "2.3.2" }, "bin": { "biome": "bin/biome" } }, "sha512-8e9tzamuDycx7fdrcJ/F/GDZ8SYukc5ud6tDicjjFqURKYFSWMl0H0iXNXZEGmcmNUmABgGuHThPykcM41INgg=="],

    "@biomejs/cli-darwin-arm64": ["@biomejs/cli-darwin-arm64@2.3.2", "", { "os": "darwin", "cpu": "arm64" }, "sha512-4LECm4kc3If0JISai4c3KWQzukoUdpxy4fRzlrPcrdMSRFksR9ZoXK7JBcPuLBmd2SoT4/d7CQS33VnZpgBjew=="],

    "@biomejs/cli-darwin-x64": ["@biomejs/cli-darwin-x64@2.3.2", "", { "os": "darwin", "cpu": "x64" }, "sha512-jNMnfwHT4N3wi+ypRfMTjLGnDmKYGzxVr1EYAPBcauRcDnICFXN81wD6wxJcSUrLynoyyYCdfW6vJHS/IAoTDA=="],

    "@biomejs/cli-linux-arm64": ["@biomejs/cli-linux-arm64@2.3.2", "", { "os": "linux", "cpu": "arm64" }, "sha512-amnqvk+gWybbQleRRq8TMe0rIv7GHss8mFJEaGuEZYWg1Tw14YKOkeo8h6pf1c+d3qR+JU4iT9KXnBKGON4klw=="],

    "@biomejs/cli-linux-arm64-musl": ["@biomejs/cli-linux-arm64-musl@2.3.2", "", { "os": "linux", "cpu": "arm64" }, "sha512-2Zz4usDG1GTTPQnliIeNx6eVGGP2ry5vE/v39nT73a3cKN6t5H5XxjcEoZZh62uVZvED7hXXikclvI64vZkYqw=="],

    "@biomejs/cli-linux-x64": ["@biomejs/cli-linux-x64@2.3.2", "", { "os": "linux", "cpu": "x64" }, "sha512-8BG/vRAhFz1pmuyd24FQPhNeueLqPtwvZk6yblABY2gzL2H8fLQAF/Z2OPIc+BPIVPld+8cSiKY/KFh6k81xfA=="],

    "@biomejs/cli-linux-x64-musl": ["@biomejs/cli-linux-x64-musl@2.3.2", "", { "os": "linux", "cpu": "x64" }, "sha512-gzB19MpRdTuOuLtPpFBGrV3Lq424gHyq2lFj8wfX9tvLMLdmA/R9C7k/mqBp/spcbWuHeIEKgEs3RviOPcWGBA=="],

    "@biomejs/cli-win32-arm64": ["@biomejs/cli-win32-arm64@2.3.2", "", { "os": "win32", "cpu": "arm64" }, "sha512-lCruqQlfWjhMlOdyf5pDHOxoNm4WoyY2vZ4YN33/nuZBRstVDuqPPjS0yBkbUlLEte11FbpW+wWSlfnZfSIZvg=="],

    "@biomejs/cli-win32-x64": ["@biomejs/cli-win32-x64@2.3.2", "", { "os": "win32", "cpu": "x64" }, "sha512-6Ee9P26DTb4D8sN9nXxgbi9Dw5vSOfH98M7UlmkjKB2vtUbrRqCbZiNfryGiwnPIpd6YUoTl7rLVD2/x1CyEHQ=="],

    "@deepkit/app": ["@deepkit/app@1.0.19", "", { "peerDependencies": { "@deepkit/core": "^1.0.1", "@deepkit/event": "^1.0.1", "@deepkit/injector": "^1.0.1", "@deepkit/logger": "^1.0.1", "@deepkit/stopwatch": "^1.0.1", "@deepkit/type": "^1.0.1", "@deepkit/workflow": "^1.0.1" } }, "sha512-SapXGvzS/xWIc0kangcXM2PxoQyP4jZq53vK0XBYq3wDTQrQTqY/PiCOr8n8orI48uUYJDeE2VMH1mW0GkaDRQ=="],

    "@deepkit/bun": ["@deepkit/bun@1.0.19", "", { "peerDependencies": { "@deepkit/type-compiler": "^1.0.1", "typescript": "*" } }, "sha512-sX8ei8PFUxpPRnp8L745SRBYRUwl6DmT5eOSqhcvSBdB7TPJYLNCOE1QsJgGnmzMmnqmwPuSNx2rfmXTseeHDw=="],

    "@deepkit/core": ["@deepkit/core@1.0.19", "", { "dependencies": { "dot-prop": "^5.1.1", "to-fast-properties": "^3.0.1" } }, "sha512-3LArFqGpNXQpCcbQDbY22H52l/AC5Nv543d3bbIcb97khgIv1DBg5iWolClnrr5RhwFs9s3DdvaNd+UAbq9RBw=="],

    "@deepkit/event": ["@deepkit/event@1.0.19", "", { "peerDependencies": { "@deepkit/core": "^1.0.1", "@deepkit/injector": "^1.0.1", "@deepkit/type": "^1.0.1" } }, "sha512-OdMshUtNeAeWDFTHjBLyBlc7r5Wey0OuNoKh+2BRwgLd1isdz1C7vGs3eTzjA+fN3R5CGX1JVYRD5NtqCX3t5w=="],

    "@deepkit/injector": ["@deepkit/injector@1.0.19", "", { "peerDependencies": { "@deepkit/core": "^1.0.1", "@deepkit/type": "^1.0.1" } }, "sha512-vGD2MsggcMxu0FK6txWL4sUQoCoekun/h83A2KmQscLv5ZnV1odhmK4lwpELXpSLTjmx970SLOj6UTz/1VXHdQ=="],

    "@deepkit/logger": ["@deepkit/logger@1.0.19", "", { "dependencies": { "@types/format-util": "^1.0.1", "ansi-styles": "^4.3.0", "format-util": "^1.0.5" }, "peerDependencies": { "@deepkit/core": "^1.0.1", "@deepkit/injector": "^1.0.1" } }, "sha512-08ZbUKzq1hMmYGLrsy97Jwez+JrVIhTs2NsiZ6IZ67nzKWUEaV6SrSSAbNRX0F2Uct5yIP+kmyQUXQBXk6EHmg=="],

    "@deepkit/stopwatch": ["@deepkit/stopwatch@1.0.19", "", { "peerDependencies": { "@deepkit/core": "^1.0.1", "@deepkit/type": "^1.0.1" } }, "sha512-Q1I5R2RDMuuzjFAYmo24l0j+R//pc0nRJYJamufGLdYsF9uTwyUSchTaL3o5JMr2BgSCNF39biazIPT25Y1pNw=="],

    "@deepkit/type": ["@deepkit/type@1.0.19", "", { "dependencies": { "@deepkit/type-spec": "^1.0.19", "@types/uuid": "^8.3.0", "buffer": "^5.2.1", "uuid": "^8.3.2" }, "peerDependencies": { "@deepkit/core": "^1.0.1" } }, "sha512-AKy/cG+DU3/Dy+wZKy+B9LxIKWbSr0Jda/6zg761LNlUFqlpiX95QmNH6q7ngTl8QylSjytg4nS+hKSTxuNLSQ=="],

    "@deepkit/type-compiler": ["@deepkit/type-compiler@1.0.19", "", { "dependencies": { "@deepkit/type-spec": "^1.0.19", "@marcj/ts-clone-node": "^2.0.0", "@rollup/pluginutils": "^5.1.0", "@typescript/vfs": "1.5.0", "get-tsconfig": "^4.5.0", "lz-string": "^1.4.4", "micromatch": "^4.0.5", "strip-json-comments": "^3.1.1" }, "peerDependencies": { "typescript": "*" }, "bin": { "deepkit-compiler-debug": "./deepkit-compiler-debug.js", "deepkit-type-install": "./deepkit-type-install.js" } }, "sha512-fc6XMLa4s8x/v6mMpmF7TxFdt0WF/v8WVk+Pq5DL6m/Z62IIRoRyVJH54HihpMYYkEkQt1gBf1dA1tHQVVTsbg=="],

    "@deepkit/type-spec": ["@deepkit/type-spec@1.0.19", "", {}, "sha512-9IWDQC5ZYmpAETyISt/gN5ZhL7YKNXsV3lrcix+UkJtwGNi0z3/7NTvVlkIv+90SC35kD2yGX1GOLpvSo/WjLw=="],

    "@deepkit/workflow": ["@deepkit/workflow@1.0.19", "", { "peerDependencies": { "@deepkit/core": "^1.0.1", "@deepkit/event": "^1.0.1", "@deepkit/injector": "^1.0.1", "@deepkit/stopwatch": "^1.0.1", "@deepkit/type": "^1.0.1" } }, "sha512-rLADAWPaKA7eg6kDWySFcWn4Bg4pFSlxRslRA6l80X3dSdu6wAy5LBBQ6y7U3QF5hJnCXvEg6FCRGfHYjvmWSQ=="],

    "@marcj/ts-clone-node": ["@marcj/ts-clone-node@2.2.0", "", { "dependencies": { "compatfactory": "^2.0.9" } }, "sha512-72i531GZWaiHDvNZr0Fz+uiZMMyWzQqJxbhxD5g2dpU3eqEBk6p6mcDNBcOdiNhngAJ5Ebqv2krrs7MwuFg9rw=="],

    "@rollup/pluginutils": ["@rollup/pluginutils@5.3.0", "", { "dependencies": { "@types/estree": "^1.0.0", "estree-walker": "^2.0.2", "picomatch": "^4.0.2" }, "peerDependencies": { "rollup": "^1.20.0||^2.0.0||^3.0.0||^4.0.0" }, "optionalPeers": ["rollup"] }, "sha512-5EdhGZtnu3V88ces7s53hhfK5KSASnJZv8Lulpc04cWO3REESroJXg73DFsOmgbU2BhwV0E20bu2IDZb3VKW4Q=="],

    "@types/bun": ["@types/bun@1.3.1", "", { "dependencies": { "bun-types": "1.3.1" } }, "sha512-4jNMk2/K9YJtfqwoAa28c8wK+T7nvJFOjxI4h/7sORWcypRNxBpr+TPNaCfVWq70tLCJsqoFwcf0oI0JU/fvMQ=="],

    "@types/estree": ["@types/estree@1.0.8", "", {}, "sha512-dWHzHa2WqEXI/O1E9OjrocMTKJl2mSrEolh1Iomrv6U+JuNwaHXsXx9bLu5gG7BUWFIN0skIQJQ/L1rIex4X6w=="],

    "@types/format-util": ["@types/format-util@1.0.4", "", {}, "sha512-xrCYOdHh5zA3LUrn6CvspYwlzSWxPso11Lx32WnAG6KvLCRecKZ/Rh21PLXUkzUFsQmrGcx/traJAFjR6dVS5Q=="],

    "@types/node": ["@types/node@24.9.2", "", { "dependencies": { "undici-types": "~7.16.0" } }, "sha512-uWN8YqxXxqFMX2RqGOrumsKeti4LlmIMIyV0lgut4jx7KQBcBiW6vkDtIBvHnHIquwNfJhk8v2OtmO8zXWHfPA=="],

    "@types/react": ["@types/react@19.2.2", "", { "dependencies": { "csstype": "^3.0.2" } }, "sha512-6mDvHUFSjyT2B2yeNx2nUgMxh9LtOWvkhIU3uePn2I2oyNymUAX1NIsdgviM4CH+JSrp2D2hsMvJOkxY+0wNRA=="],

    "@types/uuid": ["@types/uuid@8.3.4", "", {}, "sha512-c/I8ZRb51j+pYGAu5CrFMRxqZ2ke4y2grEBO5AUjgSkSk+qT2Ea+OdWElz/OiMf5MNpn2b17kuVBwZLQJXzihw=="],

    "@typescript/vfs": ["@typescript/vfs@1.5.0", "", { "dependencies": { "debug": "^4.1.1" } }, "sha512-AJS307bPgbsZZ9ggCT3wwpg3VbTKMFNHfaY/uF0ahSkYYrPF2dSSKDNIDIQAHm9qJqbLvCsSJH7yN4Vs/CsMMg=="],

    "ansi-styles": ["ansi-styles@4.3.0", "", { "dependencies": { "color-convert": "^2.0.1" } }, "sha512-zbB9rCJAT1rbjiVDb2hqKFHNYLxgtk8NURxZ3IZwD3F6NtxbXZQCnnSi1Lkx+IDohdPlFp222wVALIheZJQSEg=="],

    "base64-js": ["base64-js@1.5.1", "", {}, "sha512-AKpaYlHn8t4SVbOHCy+b5+KKgvR4vrsD8vbvrbiQJps7fKDTkjkDry6ji0rUJjC0kzbNePLwzxq8iypo41qeWA=="],

    "braces": ["braces@3.0.3", "", { "dependencies": { "fill-range": "^7.1.1" } }, "sha512-yQbXgO/OSZVD2IsiLlro+7Hf6Q18EJrKSEsdoMzKePKXct3gvD8oLcOQdIzGupr5Fj+EDe8gO/lxc1BzfMpxvA=="],

    "buffer": ["buffer@5.7.1", "", { "dependencies": { "base64-js": "^1.3.1", "ieee754": "^1.1.13" } }, "sha512-EHcyIPBQ4BSGlvjB16k5KgAJ27CIsHY/2JBmCRReo48y9rQ3MaUzWX3KVlBa4U7MyX02HdVj0K7C3WaB3ju7FQ=="],

    "bun-types": ["bun-types@1.3.1", "", { "dependencies": { "@types/node": "*" }, "peerDependencies": { "@types/react": "^19" } }, "sha512-NMrcy7smratanWJ2mMXdpatalovtxVggkj11bScuWuiOoXTiKIu2eVS1/7qbyI/4yHedtsn175n4Sm4JcdHLXw=="],

    "color-convert": ["color-convert@2.0.1", "", { "dependencies": { "color-name": "~1.1.4" } }, "sha512-RRECPsj7iu/xb5oKYcsFHSppFNnsj/52OVTRKb4zP5onXwVF3zVmmToNcOfGC+CRDpfK/U584fMg38ZHCaElKQ=="],

    "color-name": ["color-name@1.1.4", "", {}, "sha512-dOy+3AuW3a2wNbZHIuMZpTcgjGuLU/uBL/ubcZF9OXbDo8ff4O8yVp5Bf0efS8uEoYo5q4Fx7dY9OgQGXgAsQA=="],

    "compatfactory": ["compatfactory@2.0.9", "", { "dependencies": { "helpertypes": "^0.0.19" }, "peerDependencies": { "typescript": ">=3.x || >= 4.x" } }, "sha512-fvO+AWcmbO7P1S+A3mwm3IGr74eHMeq5ZLhNhyNQc9mVDNHT4oe0Gg0ksdIFFNXLK7k7Z/TYcLAUSQdRgh1bsA=="],

    "csstype": ["csstype@3.1.3", "", {}, "sha512-M1uQkMl8rQK/szD0LNhtqxIPLpimGm8sOBwU7lLnCpSbTyY3yeU1Vc7l4KT5zT4s/yOxHH5O7tIuuLOCnLADRw=="],

    "debug": ["debug@4.4.3", "", { "dependencies": { "ms": "^2.1.3" } }, "sha512-RGwwWnwQvkVfavKVt22FGLw+xYSdzARwm0ru6DhTVA3umU5hZc28V3kO4stgYryrTlLpuvgI9GiijltAjNbcqA=="],

    "dot-prop": ["dot-prop@5.3.0", "", { "dependencies": { "is-obj": "^2.0.0" } }, "sha512-QM8q3zDe58hqUqjraQOmzZ1LIH9SWQJTlEKCH4kJ2oQvLZk7RbQXvtDM2XEq3fwkV9CCvvH4LA0AV+ogFsBM2Q=="],

    "estree-walker": ["estree-walker@2.0.2", "", {}, "sha512-Rfkk/Mp/DL7JVje3u18FxFujQlTNR2q6QfMSMB7AvCBx91NGj/ba3kCfza0f6dVDbw7YlRf/nDrn7pQrCCyQ/w=="],

    "fill-range": ["fill-range@7.1.1", "", { "dependencies": { "to-regex-range": "^5.0.1" } }, "sha512-YsGpe3WHLK8ZYi4tWDg2Jy3ebRz2rXowDxnld4bkQB00cc/1Zw9AWnC0i9ztDJitivtQvaI9KaLyKrc+hBW0yg=="],

    "format-util": ["format-util@1.0.5", "", {}, "sha512-varLbTj0e0yVyRpqQhuWV+8hlePAgaoFRhNFj50BNjEIrw1/DphHSObtqwskVCPWNgzwPoQrZAbfa/SBiicNeg=="],

    "get-tsconfig": ["get-tsconfig@4.13.0", "", { "dependencies": { "resolve-pkg-maps": "^1.0.0" } }, "sha512-1VKTZJCwBrvbd+Wn3AOgQP/2Av+TfTCOlE4AcRJE72W1ksZXbAx8PPBR9RzgTeSPzlPMHrbANMH3LbltH73wxQ=="],

    "helpertypes": ["helpertypes@0.0.19", "", {}, "sha512-J00e55zffgi3yVnUp0UdbMztNkr2PnizEkOe9URNohnrNhW5X0QpegkuLpOmFQInpi93Nb8MCjQRHAiCDF42NQ=="],

    "ieee754": ["ieee754@1.2.1", "", {}, "sha512-dcyqhDvX1C46lXZcVqCpK+FtMRQVdIMN6/Df5js2zouUsqG7I6sFxitIC+7KYK29KdXOLHdu9zL4sFnoVQnqaA=="],

    "is-number": ["is-number@7.0.0", "", {}, "sha512-41Cifkg6e8TylSpdtTpeLVMqvSBEVzTttHvERD741+pnZ8ANv0004MRL43QKPDlK9cGvNp6NZWZUBlbGXYxxng=="],

    "is-obj": ["is-obj@2.0.0", "", {}, "sha512-drqDG3cbczxxEJRoOXcOjtdp1J/lyp1mNn0xaznRs8+muBhgQcrnbspox5X5fOw0HnMnbfDzvnEMEtqDEJEo8w=="],

    "lz-string": ["lz-string@1.5.0", "", { "bin": { "lz-string": "bin/bin.js" } }, "sha512-h5bgJWpxJNswbU7qCrV0tIKQCaS3blPDrqKWx+QxzuzL1zGUzij9XCWLrSLsJPu5t+eWA/ycetzYAO5IOMcWAQ=="],

    "micromatch": ["micromatch@4.0.8", "", { "dependencies": { "braces": "^3.0.3", "picomatch": "^2.3.1" } }, "sha512-PXwfBhYu0hBCPw8Dn0E+WDYb7af3dSLVWKi3HGv84IdF4TyFoC0ysxFd0Goxw7nSv4T/PzEJQxsYsEiFCKo2BA=="],

    "ms": ["ms@2.1.3", "", {}, "sha512-6FlzubTLZG3J2a/NVCAleEhjzq5oxgHyaCU9yYXvcLsvoVaHJq/s5xXI6/XXP6tz7R9xAOtHnSO/tXtF3WRTlA=="],

    "picomatch": ["picomatch@4.0.3", "", {}, "sha512-5gTmgEY/sqK6gFXLIsQNH19lWb4ebPDLA4SdLP7dsWkIXHWlG66oPuVvXSGFPppYZz8ZDZq0dYYrbHfBCVUb1Q=="],

    "resolve-pkg-maps": ["resolve-pkg-maps@1.0.0", "", {}, "sha512-seS2Tj26TBVOC2NIc2rOe2y2ZO7efxITtLZcGSOnHHNOQ7CkiUBfw0Iw2ck6xkIhPwLhKNLS8BO+hEpngQlqzw=="],

    "strip-json-comments": ["strip-json-comments@3.1.1", "", {}, "sha512-6fPc+R4ihwqP6N/aIv2f1gMH8lOVtWQHoqC4yK6oSDVVocumAsfCqjkXnqiYMhmMwS/mEHLp7Vehlt3ql6lEig=="],

    "to-fast-properties": ["to-fast-properties@3.0.1", "", {}, "sha512-/wtNi1tW1F3nf0OL6AqVxGw9Tr1ET70InMhJuVxPwFdGqparF0nQ4UWGLf2DsoI2bFDtthlBnALncZpUzOnsUw=="],

    "to-regex-range": ["to-regex-range@5.0.1", "", { "dependencies": { "is-number": "^7.0.0" } }, "sha512-65P7iz6X5yEr1cwcgvQxbbIw7Uk3gOy5dIdtZ4rDveLqhrdJP+Li/Hx6tyK0NEb+2GCyneCMJiGqrADCSNk8sQ=="],

    "typescript": ["typescript@5.9.3", "", { "bin": { "tsc": "bin/tsc", "tsserver": "bin/tsserver" } }, "sha512-jl1vZzPDinLr9eUt3J/t7V6FgNEw9QjvBPdysz9KfQDD41fQrC2Y4vKQdiaUpFT4bXlb1RHhLpp8wtm6M5TgSw=="],

    "undici-types": ["undici-types@7.16.0", "", {}, "sha512-Zz+aZWSj8LE6zoxD+xrjh4VfkIG8Ya6LvYkZqtUQGJPZjYl53ypCaUwWqo7eI0x66KBGeRo+mlBEkMSeSZ38Nw=="],

    "uuid": ["uuid@8.3.2", "", { "bin": { "uuid": "dist/bin/uuid" } }, "sha512-+NYs2QeMWy+GWFOEm9xnn6HCDp0l7QBD7ml8zLUmJ+93Q5NF0NocErnwkTkXVFNiX3/fpC6afS8Dhb/gz7R7eg=="],

    "micromatch/picomatch": ["picomatch@2.3.1", "", {}, "sha512-JU3teHTNjmE2VCGFzuY8EXzCDVwEqB2a8fsIvwaStHhAWJEeVd1o1QD80CU6+ZdEXXSLbSsuLwJjkCBWqRQUVA=="],
  }
}
